<Solution>
  <Folder Name="/.solution/">
    <File Path=".editorconfig" />
    <File Path=".gitignore" />
    <File Path="Directory.Build.props" />
    <File Path="Directory.Packages.props" />
    <File Path="README.md" />
  </Folder>
  <Folder Name="/examples/">
    <Project Path="examples/DomainBlocks.MongoDB.Sequencing.Examples.Tests.Integration/DomainBlocks.MongoDB.Sequencing.Examples.Tests.Integration.csproj" />
    <Project Path="examples/DomainBlocks.MongoDB.Sequencing.Examples/DomainBlocks.MongoDB.Sequencing.Examples.csproj" />
  </Folder>
  <Folder Name="/src/">
    <Project Path="src/DomainBlocks.MongoDB.Sequencing.V2/DomainBlocks.MongoDB.Sequencing.V2.csproj" />
    <Project Path="src/DomainBlocks.MongoDB.Sequencing/DomainBlocks.MongoDB.Sequencing.csproj" />
  </Folder>
  <Folder Name="/tests/">
    <Project Path="tests/DomainBlocks.MongoDB.Sequencing.Tests.Integration/DomainBlocks.MongoDB.Sequencing.Tests.Integration.csproj" />
    <Project Path="tests/DomainBlocks.MongoDB.Sequencing.V2.Tests.Integration/DomainBlocks.MongoDB.Sequencing.V2.Tests.Integration.csproj" />
  </Folder>
</Solution>